{
  "name": "copy-tuner-ruby-client",
  "lockfileVersion": 1,
  "dependencies": {
    "coffeescript": {
      "version": "1.12.6",
      "resolved": "https://registry.npmjs.org/coffeescript/-/coffeescript-1.12.6.tgz",
      "integrity": "sha1-3L8r5bZM5mUFy0PE7X8bRMuQ8zw=",
      "dev": true
    }
  }
}
